
Microsoft Visual Studio Solution File, Format Version 12.00
# Visual Studio Version 16
VisualStudioVersion = 16.0.30517.126
MinimumVisualStudioVersion = 10.0.40219.1
Project("{FAE04EC0-301F-11D3-BF4B-00C04F79EFBC}") = "Hajo", "Hajo\Hajo.csproj", "{9D6730CB-7C83-4D6F-A5B3-AA91626F48EE}"
EndProject
Global
	GlobalSection(SolutionConfigurationPlatforms) = preSolution
		Debug|Any CPU = Debug|Any CPU
		Release|Any CPU = Release|Any CPU
	EndGlobalSection
	GlobalSection(ProjectConfigurationPlatforms) = postSolution
		{9D6730CB-7C83-4D6F-A5B3-AA91626F48EE}.Debug|Any CPU.ActiveCfg = Debug|Any CPU
		{9D6730CB-7C83-4D6F-A5B3-AA91626F48EE}.Debug|Any CPU.Build.0 = Debug|Any CPU
		{9D6730CB-7C83-4D6F-A5B3-AA91626F48EE}.Release|Any CPU.ActiveCfg = Release|Any CPU
		{9D6730CB-7C83-4D6F-A5B3-AA91626F48EE}.Release|Any CPU.Build.0 = Release|Any CPU
	EndGlobalSection
	GlobalSection(SolutionProperties) = preSolution
		HideSolutionNode = FALSE
	EndGlobalSection
	GlobalSection(ExtensibilityGlobals) = postSolution
		SolutionGuid = {BB18612A-1C6F-4CA4-A302-6E4E0C976ADF}
	EndGlobalSection
EndGlobal
